// !$*UTF8*$!
{
	archiveVersion = 1;
	classes = {
	};
	objectVersion = 50;
	objects = {

/* Begin PBXBuildFile section */
		020F961D73F368EECE47AF1E /* Pods_Hitchhiker_Dev.framework in Frameworks */ = {isa = PBXBuildFile; fileRef = D6BF52D69AF2D0BE739A552C /* Pods_Hitchhiker_Dev.framework */; };
		66D850A3215E5EBC00F23A5D /* AppDelegate.swift in Sources */ = {isa = PBXBuildFile; fileRef = 66D850A2215E5EBC00F23A5D /* AppDelegate.swift */; };
		66D850A5215E5EBC00F23A5D /* ViewController.swift in Sources */ = {isa = PBXBuildFile; fileRef = 66D850A4215E5EBC00F23A5D /* ViewController.swift */; };
		66D850A8215E5EBC00F23A5D /* Main.storyboard in Resources */ = {isa = PBXBuildFile; fileRef = 66D850A6215E5EBC00F23A5D /* Main.storyboard */; };
		66D850AA215E5EBD00F23A5D /* Assets.xcassets in Resources */ = {isa = PBXBuildFile; fileRef = 66D850A9215E5EBD00F23A5D /* Assets.xcassets */; };
		66D850AD215E5EBD00F23A5D /* LaunchScreen.storyboard in Resources */ = {isa = PBXBuildFile; fileRef = 66D850AB215E5EBD00F23A5D /* LaunchScreen.storyboard */; };
/* End PBXBuildFile section */

/* Begin PBXFileReference section */
		2FB36C5E9F4E1400A5D9C2CC /* Pods-Hitchhiker Dev.debug.xcconfig */ = {isa = PBXFileReference; includeInIndex = 1; lastKnownFileType = text.xcconfig; name = "Pods-Hitchhiker Dev.debug.xcconfig"; path = "Pods/Target Support Files/Pods-Hitchhiker Dev/Pods-Hitchhiker Dev.debug.xcconfig"; sourceTree = "<group>"; };
		30571EA9EB84D46320F6905A /* Pods-Hitchhiker Dev.release.xcconfig */ = {isa = PBXFileReference; includeInIndex = 1; lastKnownFileType = text.xcconfig; name = "Pods-Hitchhiker Dev.release.xcconfig"; path = "Pods/Target Support Files/Pods-Hitchhiker Dev/Pods-Hitchhiker Dev.release.xcconfig"; sourceTree = "<group>"; };
		66D8509F215E5EBC00F23A5D /* Hitchhiker Dev.app */ = {isa = PBXFileReference; explicitFileType = wrapper.application; includeInIndex = 0; path = "Hitchhiker Dev.app"; sourceTree = BUILT_PRODUCTS_DIR; };
		66D850A2215E5EBC00F23A5D /* AppDelegate.swift */ = {isa = PBXFileReference; lastKnownFileType = sourcecode.swift; path = AppDelegate.swift; sourceTree = "<group>"; };
		66D850A4215E5EBC00F23A5D /* ViewController.swift */ = {isa = PBXFileReference; lastKnownFileType = sourcecode.swift; path = ViewController.swift; sourceTree = "<group>"; };
		66D850A7215E5EBC00F23A5D /* Base */ = {isa = PBXFileReference; lastKnownFileType = file.storyboard; name = Base; path = Base.lproj/Main.storyboard; sourceTree = "<group>"; };
		66D850A9215E5EBD00F23A5D /* Assets.xcassets */ = {isa = PBXFileReference; lastKnownFileType = folder.assetcatalog; path = Assets.xcassets; sourceTree = "<group>"; };
		66D850AC215E5EBD00F23A5D /* Base */ = {isa = PBXFileReference; lastKnownFileType = file.storyboard; name = Base; path = Base.lproj/LaunchScreen.storyboard; sourceTree = "<group>"; };
		66D850AE215E5EBD00F23A5D /* Info.plist */ = {isa = PBXFileReference; lastKnownFileType = text.plist.xml; path = Info.plist; sourceTree = "<group>"; };
		D6BF52D69AF2D0BE739A552C /* Pods_Hitchhiker_Dev.framework */ = {isa = PBXFileReference; explicitFileType = wrapper.framework; includeInIndex = 0; path = Pods_Hitchhiker_Dev.framework; sourceTree = BUILT_PRODUCTS_DIR; };
/* End PBXFileReference section */

/* Begin PBXFrameworksBuildPhase section */
		66D8509C215E5EBC00F23A5D /* Frameworks */ = {
			isa = PBXFrameworksBuildPhase;
			buildActionMask = 2147483647;
			files = (
				020F961D73F368EECE47AF1E /* Pods_Hitchhiker_Dev.framework in Frameworks */,
			);
			runOnlyForDeploymentPostprocessing = 0;
		};
/* End PBXFrameworksBuildPhase section */

/* Begin PBXGroup section */
		54DD9F6BC065F0B36E79DA83 /* Pods */ = {
			isa = PBXGroup;
			children = (
				2FB36C5E9F4E1400A5D9C2CC /* Pods-Hitchhiker Dev.debug.xcconfig */,
				30571EA9EB84D46320F6905A /* Pods-Hitchhiker Dev.release.xcconfig */,
			);
			name = Pods;
			sourceTree = "<group>";
		};
		66D85096215E5EBC00F23A5D = {
			isa = PBXGroup;
			children = (
				66D850A1215E5EBC00F23A5D /* Hitchhiker Dev */,
				66D850A0215E5EBC00F23A5D /* Products */,
				54DD9F6BC065F0B36E79DA83 /* Pods */,
				7C1106D09311EA32767E12A0 /* Frameworks */,
			);
			sourceTree = "<group>";
		};
		66D850A0215E5EBC00F23A5D /* Products */ = {
			isa = PBXGroup;
			children = (
				66D8509F215E5EBC00F23A5D /* Hitchhiker Dev.app */,
			);
			name = Products;
			sourceTree = "<group>";
		};
		66D850A1215E5EBC00F23A5D /* Hitchhiker Dev */ = {
			isa = PBXGroup;
			children = (
				66D850A2215E5EBC00F23A5D /* AppDelegate.swift */,
				66D850A4215E5EBC00F23A5D /* ViewController.swift */,
				66D850A6215E5EBC00F23A5D /* Main.storyboard */,
				66D850A9215E5EBD00F23A5D /* Assets.xcassets */,
				66D850AB215E5EBD00F23A5D /* LaunchScreen.storyboard */,
				66D850AE215E5EBD00F23A5D /* Info.plist */,
			);
			path = "Hitchhiker Dev";
			sourceTree = "<group>";
		};
		7C1106D09311EA32767E12A0 /* Frameworks */ = {
			isa = PBXGroup;
			children = (
				D6BF52D69AF2D0BE739A552C /* Pods_Hitchhiker_Dev.framework */,
			);
			name = Frameworks;
			sourceTree = "<group>";
		};
/* End PBXGroup section */

/* Begin PBXNativeTarget section */
		66D8509E215E5EBC00F23A5D /* Hitchhiker Dev */ = {
			isa = PBXNativeTarget;
			buildConfigurationList = 66D850B1215E5EBD00F23A5D /* Build configuration list for PBXNativeTarget "Hitchhiker Dev" */;
			buildPhases = (
				C28F9008562178E46398C41D /* [CP] Check Pods Manifest.lock */,
				66D8509B215E5EBC00F23A5D /* Sources */,
				66D8509C215E5EBC00F23A5D /* Frameworks */,
				66D8509D215E5EBC00F23A5D /* Resources */,
				2D5215814B7689A86C56374E /* [CP] Embed Pods Frameworks */,
			);
			buildRules = (
			);
			dependencies = (
			);
			name = "Hitchhiker Dev";
			productName = "Hitchhiker Dev";
			productReference = 66D8509F215E5EBC00F23A5D /* Hitchhiker Dev.app */;
			productType = "com.apple.product-type.application";
		};
/* End PBXNativeTarget section */

/* Begin PBXProject section */
		66D85097215E5EBC00F23A5D /* Project object */ = {
			isa = PBXProject;
			attributes = {
				LastSwiftUpdateCheck = 1000;
				LastUpgradeCheck = 1000;
				ORGANIZATIONNAME = rotem.sade;
				TargetAttributes = {
					66D8509E215E5EBC00F23A5D = {
						CreatedOnToolsVersion = 10.0;
					};
				};
			};
			buildConfigurationList = 66D8509A215E5EBC00F23A5D /* Build configuration list for PBXProject "Hitchhiker Dev" */;
			compatibilityVersion = "Xcode 9.3";
			developmentRegion = en;
			hasScannedForEncodings = 0;
			knownRegions = (
				en,
				Base,
			);
			mainGroup = 66D85096215E5EBC00F23A5D;
			productRefGroup = 66D850A0215E5EBC00F23A5D /* Products */;
			projectDirPath = "";
			projectRoot = "";
			targets = (
				66D8509E215E5EBC00F23A5D /* Hitchhiker Dev */,
			);
		};
/* End PBXProject section */

/* Begin PBXResourcesBuildPhase section */
		66D8509D215E5EBC00F23A5D /* Resources */ = {
			isa = PBXResourcesBuildPhase;
			buildActionMask = 2147483647;
			files = (
				66D850AD215E5EBD00F23A5D /* LaunchScreen.storyboard in Resources */,
				66D850AA215E5EBD00F23A5D /* Assets.xcassets in Resources */,
				66D850A8215E5EBC00F23A5D /* Main.storyboard in Resources */,
			);
			runOnlyForDeploymentPostprocessing = 0;
		};
/* End PBXResourcesBuildPhase section */

/* Begin PBXShellScriptBuildPhase section */
		2D5215814B7689A86C56374E /* [CP] Embed Pods Frameworks */ = {
			isa = PBXShellScriptBuildPhase;
			buildActionMask = 2147483647;
			files = (
			);
			inputFileListPaths = (
			);
			inputPaths = (
				"${SRCROOT}/Pods/Target Support Files/Pods-Hitchhiker Dev/Pods-Hitchhiker Dev-frameworks.sh",
				"${BUILT_PRODUCTS_DIR}/GTMSessionFetcher/GTMSessionFetcher.framework",
				"${BUILT_PRODUCTS_DIR}/GoogleToolboxForMac/GoogleToolboxForMac.framework",
				"${BUILT_PRODUCTS_DIR}/RevealingSplashView/RevealingSplashView.framework",
				"${BUILT_PRODUCTS_DIR}/leveldb-library/leveldb.framework",
				"${BUILT_PRODUCTS_DIR}/nanopb/nanopb.framework",
			);
			name = "[CP] Embed Pods Frameworks";
			outputFileListPaths = (
			);
			outputPaths = (
				"${TARGET_BUILD_DIR}/${FRAMEWORKS_FOLDER_PATH}/GTMSessionFetcher.framework",
				"${TARGET_BUILD_DIR}/${FRAMEWORKS_FOLDER_PATH}/GoogleToolboxForMac.framework",
				"${TARGET_BUILD_DIR}/${FRAMEWORKS_FOLDER_PATH}/RevealingSplashView.framework",
				"${TARGET_BUILD_DIR}/${FRAMEWORKS_FOLDER_PATH}/leveldb.framework",
				"${TARGET_BUILD_DIR}/${FRAMEWORKS_FOLDER_PATH}/nanopb.framework",
			);
			runOnlyForDeploymentPostprocessing = 0;
			shellPath = /bin/sh;
			shellScript = "\"${SRCROOT}/Pods/Target Support Files/Pods-Hitchhiker Dev/Pods-Hitchhiker Dev-frameworks.sh\"\n";
			showEnvVarsInLog = 0;
		};
		C28F9008562178E46398C41D /* [CP] Check Pods Manifest.lock */ = {
			isa = PBXShellScriptBuildPhase;
			buildActionMask = 2147483647;
			files = (
			);
			inputFileListPaths = (
			);
			inputPaths = (
				"${PODS_PODFILE_DIR_PATH}/Podfile.lock",
				"${PODS_ROOT}/Manifest.lock",
			);
			name = "[CP] Check Pods Manifest.lock";
			outputFileListPaths = (
			);
			outputPaths = (
				"$(DERIVED_FILE_DIR)/Pods-Hitchhiker Dev-checkManifestLockResult.txt",
			);
			runOnlyForDeploymentPostprocessing = 0;
			shellPath = /bin/sh;
			shellScript = "diff \"${PODS_PODFILE_DIR_PATH}/Podfile.lock\" \"${PODS_ROOT}/Manifest.lock\" > /dev/null\nif [ $? != 0 ] ; then\n    # print error to STDERR\n    echo \"error: The sandbox is not in sync with the Podfile.lock. Run 'pod install' or update your CocoaPods installation.\" >&2\n    exit 1\nfi\n# This output is used by Xcode 'outputs' to avoid re-running this script phase.\necho \"SUCCESS\" > \"${SCRIPT_OUTPUT_FILE_0}\"\n";
			showEnvVarsInLog = 0;
		};
/* End PBXShellScriptBuildPhase section */

/* Begin PBXSourcesBuildPhase section */
		66D8509B215E5EBC00F23A5D /* Sources */ = {
			isa = PBXSourcesBuildPhase;
			buildActionMask = 2147483647;
			files = (
				66D850A5215E5EBC00F23A5D /* ViewController.swift in Sources */,
				66D850A3215E5EBC00F23A5D /* AppDelegate.swift in Sources */,
			);
			runOnlyForDeploymentPostprocessing = 0;
		};
/* End PBXSourcesBuildPhase section */

/* Begin PBXVariantGroup section */
		66D850A6215E5EBC00F23A5D /* Main.storyboard */ = {
			isa = PBXVariantGroup;
			children = (
				66D850A7215E5EBC00F23A5D /* Base */,
			);
			name = Main.storyboard;
			sourceTree = "<group>";
		};
		66D850AB215E5EBD00F23A5D /* LaunchScreen.storyboard */ = {
			isa = PBXVariantGroup;
			children = (
				66D850AC215E5EBD00F23A5D /* Base */,
			);
			name = LaunchScreen.storyboard;
			sourceTree = "<group>";
		};
/* End PBXVariantGroup section */

/* Begin XCBuildConfiguration section */
		66D850AF215E5EBD00F23A5D /* Debug */ = {
			isa = XCBuildConfiguration;
			buildSettings = {
				ALWAYS_SEARCH_USER_PATHS = NO;
				CLANG_ANALYZER_NONNULL = YES;
				CLANG_ANALYZER_NUMBER_OBJECT_CONVERSION = YES_AGGRESSIVE;
				CLANG_CXX_LANGUAGE_STANDARD = "gnu++14";
				CLANG_CXX_LIBRARY = "libc++";
				CLANG_ENABLE_MODULES = YES;
				CLANG_ENABLE_OBJC_ARC = YES;
				CLANG_ENABLE_OBJC_WEAK = YES;
				CLANG_WARN_BLOCK_CAPTURE_AUTORELEASING = YES;
				CLANG_WARN_BOOL_CONVERSION = YES;
				CLANG_WARN_COMMA = YES;
				CLANG_WARN_CONSTANT_CONVERSION = YES;
				CLANG_WARN_DEPRECATED_OBJC_IMPLEMENTATIONS = YES;
				CLANG_WARN_DIRECT_OBJC_ISA_USAGE = YES_ERROR;
				CLANG_WARN_DOCUMENTATION_COMMENTS = YES;
				CLANG_WARN_EMPTY_BODY = YES;
				CLANG_WARN_ENUM_CONVERSION = YES;
				CLANG_WARN_INFINITE_RECURSION = YES;
				CLANG_WARN_INT_CONVERSION = YES;
				CLANG_WARN_NON_LITERAL_NULL_CONVERSION = YES;
				CLANG_WARN_OBJC_IMPLICIT_RETAIN_SELF = YES;
				CLANG_WARN_OBJC_LITERAL_CONVERSION = YES;
				CLANG_WARN_OBJC_ROOT_CLASS = YES_ERROR;
				CLANG_WARN_RANGE_LOOP_ANALYSIS = YES;
				CLANG_WARN_STRICT_PROTOTYPES = YES;
				CLANG_WARN_SUSPICIOUS_MOVE = YES;
				CLANG_WARN_UNGUARDED_AVAILABILITY = YES_AGGRESSIVE;
				CLANG_WARN_UNREACHABLE_CODE = YES;
				CLANG_WARN__DUPLICATE_METHOD_MATCH = YES;
				CODE_SIGN_IDENTITY = "iPhone Developer";
				COPY_PHASE_STRIP = NO;
				DEBUG_INFORMATION_FORMAT = dwarf;
				ENABLE_STRICT_OBJC_MSGSEND = YES;
				ENABLE_TESTABILITY = YES;
				GCC_C_LANGUAGE_STANDARD = gnu11;
				GCC_DYNAMIC_NO_PIC = NO;
				GCC_NO_COMMON_BLOCKS = YES;
				GCC_OPTIMIZATION_LEVEL = 0;
				GCC_PREPROCESSOR_DEFINITIONS = (
					"DEBUG=1",
					"$(inherited)",
				);
				GCC_WARN_64_TO_32_BIT_CONVERSION = YES;
				GCC_WARN_ABOUT_RETURN_TYPE = YES_ERROR;
				GCC_WARN_UNDECLARED_SELECTOR = YES;
				GCC_WARN_UNINITIALIZED_AUTOS = YES_AGGRESSIVE;
				GCC_WARN_UNUSED_FUNCTION = YES;
				GCC_WARN_UNUSED_VARIABLE = YES;
				IPHONEOS_DEPLOYMENT_TARGET = 12.0;
				MTL_ENABLE_DEBUG_INFO = INCLUDE_SOURCE;
				MTL_FAST_MATH = YES;
				ONLY_ACTIVE_ARCH = YES;
				SDKROOT = iphoneos;
				SWIFT_ACTIVE_COMPILATION_CONDITIONS = DEBUG;
				SWIFT_OPTIMIZATION_LEVEL = "-Onone";
			};
			name = Debug;
		};
		66D850B0215E5EBD00F23A5D /* Release */ = {
			isa = XCBuildConfiguration;
			buildSettings = {
				ALWAYS_SEARCH_USER_PATHS = NO;
				CLANG_ANALYZER_NONNULL = YES;
				CLANG_ANALYZER_NUMBER_OBJECT_CONVERSION = YES_AGGRESSIVE;
				CLANG_CXX_LANGUAGE_STANDARD = "gnu++14";
				CLANG_CXX_LIBRARY = "libc++";
				CLANG_ENABLE_MODULES = YES;
				CLANG_ENABLE_OBJC_ARC = YES;
				CLANG_ENABLE_OBJC_WEAK = YES;
				CLANG_WARN_BLOCK_CAPTURE_AUTORELEASING = YES;
				CLANG_WARN_BOOL_CONVERSION = YES;
				CLANG_WARN_COMMA = YES;
				CLANG_WARN_CONSTANT_CONVERSION = YES;
				CLANG_WARN_DEPRECATED_OBJC_IMPLEMENTATIONS = YES;
				CLANG_WARN_DIRECT_OBJC_ISA_USAGE = YES_ERROR;
				CLANG_WARN_DOCUMENTATION_COMMENTS = YES;
				CLANG_WARN_EMPTY_BODY = YES;
				CLANG_WARN_ENUM_CONVERSION = YES;
				CLANG_WARN_INFINITE_RECURSION = YES;
				CLANG_WARN_INT_CONVERSION = YES;
				CLANG_WARN_NON_LITERAL_NULL_CONVERSION = YES;
				CLANG_WARN_OBJC_IMPLICIT_RETAIN_SELF = YES;
				CLANG_WARN_OBJC_LITERAL_CONVERSION = YES;
				CLANG_WARN_OBJC_ROOT_CLASS = YES_ERROR;
				CLANG_WARN_RANGE_LOOP_ANALYSIS = YES;
				CLANG_WARN_STRICT_PROTOTYPES = YES;
				CLANG_WARN_SUSPICIOUS_MOVE = YES;
				CLANG_WARN_UNGUARDED_AVAILABILITY = YES_AGGRESSIVE;
				CLANG_WARN_UNREACHABLE_CODE = YES;
				CLANG_WARN__DUPLICATE_METHOD_MATCH = YES;
				CODE_SIGN_IDENTITY = "iPhone Developer";
				COPY_PHASE_STRIP = NO;
				DEBUG_INFORMATION_FORMAT = "dwarf-with-dsym";
				ENABLE_NS_ASSERTIONS = NO;
				ENABLE_STRICT_OBJC_MSGSEND = YES;
				GCC_C_LANGUAGE_STANDARD = gnu11;
				GCC_NO_COMMON_BLOCKS = YES;
				GCC_WARN_64_TO_32_BIT_CONVERSION = YES;
				GCC_WARN_ABOUT_RETURN_TYPE = YES_ERROR;
				GCC_WARN_UNDECLARED_SELECTOR = YES;
				GCC_WARN_UNINITIALIZED_AUTOS = YES_AGGRESSIVE;
				GCC_WARN_UNUSED_FUNCTION = YES;
				GCC_WARN_UNUSED_VARIABLE = YES;
				IPHONEOS_DEPLOYMENT_TARGET = 12.0;
				MTL_ENABLE_DEBUG_INFO = NO;
				MTL_FAST_MATH = YES;
				SDKROOT = iphoneos;
				SWIFT_COMPILATION_MODE = wholemodule;
				SWIFT_OPTIMIZATION_LEVEL = "-O";
				VALIDATE_PRODUCT = YES;
			};
			name = Release;
		};
		66D850B2215E5EBD00F23A5D /* Debug */ = {
			isa = XCBuildConfiguration;
			baseConfigurationReference = 2FB36C5E9F4E1400A5D9C2CC /* Pods-Hitchhiker Dev.debug.xcconfig */;
			buildSettings = {
				ASSETCATALOG_COMPILER_APPICON_NAME = AppIcon;
				CODE_SIGN_STYLE = Automatic;
				DEVELOPMENT_TEAM = JJ644DK4VS;
				INFOPLIST_FILE = "Hitchhiker Dev/Info.plist";
				LD_RUNPATH_SEARCH_PATHS = (
					"$(inherited)",
					"@executable_path/Frameworks",
				);
				PRODUCT_BUNDLE_IDENTIFIER = "com.galacoral.Hitchhiker-Dev";
				PRODUCT_NAME = "$(TARGET_NAME)";
				SWIFT_VERSION = 4.2;
				TARGETED_DEVICE_FAMILY = "1,2";
			};
			name = Debug;
		};
		66D850B3215E5EBD00F23A5D /* Release */ = {
			isa = XCBuildConfiguration;
			baseConfigurationReference = 30571EA9EB84D46320F6905A /* Pods-Hitchhiker Dev.release.xcconfig */;
			buildSettings = {
				ASSETCATALOG_COMPILER_APPICON_NAME = AppIcon;
				CODE_SIGN_STYLE = Automatic;
				DEVELOPMENT_TEAM = JJ644DK4VS;
				INFOPLIST_FILE = "Hitchhiker Dev/Info.plist";
				LD_RUNPATH_SEARCH_PATHS = (
					"$(inherited)",
					"@executable_path/Frameworks",
				);
				PRODUCT_BUNDLE_IDENTIFIER = "com.galacoral.Hitchhiker-Dev";
				PRODUCT_NAME = "$(TARGET_NAME)";
				SWIFT_VERSION = 4.2;
				TARGETED_DEVICE_FAMILY = "1,2";
			};
			name = Release;
		};
/* End XCBuildConfiguration section */

/* Begin XCConfigurationList section */
		66D8509A215E5EBC00F23A5D /* Build configuration list for PBXProject "Hitchhiker Dev" */ = {
			isa = XCConfigurationList;
			buildConfigurations = (
				66D850AF215E5EBD00F23A5D /* Debug */,
				66D850B0215E5EBD00F23A5D /* Release */,
			);
			defaultConfigurationIsVisible = 0;
			defaultConfigurationName = Release;
		};
		66D850B1215E5EBD00F23A5D /* Build configuration list for PBXNativeTarget "Hitchhiker Dev" */ = {
			isa = XCConfigurationList;
			buildConfigurations = (
				66D850B2215E5EBD00F23A5D /* Debug */,
				66D850B3215E5EBD00F23A5D /* Release */,
			);
			defaultConfigurationIsVisible = 0;
			defaultConfigurationName = Release;
		};
/* End XCConfigurationList section */
	};
	rootObject = 66D85097215E5EBC00F23A5D /* Project object */;
}
